<Solution>
  <Folder Name="/Solution/">
    <File Path=".editorconfig" />
    <File Path=".gitattributes" />
    <File Path=".gitignore" />
    <File Path="LICENSE" />
    <File Path="README.md" />
    <File Path="THIRD_PARTY_NOTICES.md" />
  </Folder>
  <Project Path="RoadRailSpeeds/RoadRailSpeeds.csproj" />
</Solution>
